
Microsoft Visual Studio Solution File, Format Version 12.00
# Visual Studio 15
VisualStudioVersion = 15.0.27130.2020
MinimumVisualStudioVersion = 10.0.40219.1
Project("{FAE04EC0-301F-11D3-BF4B-00C04F79EFBC}") = "Parsing", "Parsing(ASP.NET_MVC)\Parsing.csproj", "{C0484352-1895-4FCD-82E8-A0469F265164}"
EndProject
Project("{FAE04EC0-301F-11D3-BF4B-00C04F79EFBC}") = "CodeFirst", "CodeFirst\CodeFirst.csproj", "{AC41ADB9-FF79-49F6-AC66-360D764CCC1D}"
EndProject
Global
	GlobalSection(SolutionConfigurationPlatforms) = preSolution
		Debug|Any CPU = Debug|Any CPU
		Release|Any CPU = Release|Any CPU
	EndGlobalSection
	GlobalSection(ProjectConfigurationPlatforms) = postSolution
		{C0484352-1895-4FCD-82E8-A0469F265164}.Debug|Any CPU.ActiveCfg = Debug|Any CPU
		{C0484352-1895-4FCD-82E8-A0469F265164}.Debug|Any CPU.Build.0 = Debug|Any CPU
		{C0484352-1895-4FCD-82E8-A0469F265164}.Release|Any CPU.ActiveCfg = Release|Any CPU
		{C0484352-1895-4FCD-82E8-A0469F265164}.Release|Any CPU.Build.0 = Release|Any CPU
		{AC41ADB9-FF79-49F6-AC66-360D764CCC1D}.Debug|Any CPU.ActiveCfg = Debug|Any CPU
		{AC41ADB9-FF79-49F6-AC66-360D764CCC1D}.Debug|Any CPU.Build.0 = Debug|Any CPU
		{AC41ADB9-FF79-49F6-AC66-360D764CCC1D}.Release|Any CPU.ActiveCfg = Release|Any CPU
		{AC41ADB9-FF79-49F6-AC66-360D764CCC1D}.Release|Any CPU.Build.0 = Release|Any CPU
	EndGlobalSection
	GlobalSection(SolutionProperties) = preSolution
		HideSolutionNode = FALSE
	EndGlobalSection
	GlobalSection(ExtensibilityGlobals) = postSolution
		SolutionGuid = {520B0FD1-FED8-4751-A5B6-8585E659CF4D}
	EndGlobalSection
EndGlobal
